<?xml version="1.0" encoding="utf-8"?>
<Project ToolsVersion="4.0" xmlns="http://schemas.microsoft.com/developer/msbuild/2003">
  <ItemGroup>
    <Filter Include="ソース ファイル">
      <UniqueIdentifier>{4FC737F1-C7A5-4376-A066-2A32D752A2FF}</UniqueIdentifier>
      <Extensions>cpp;c;cc;cxx;def;odl;idl;hpj;bat;asm;asmx</Extensions>
    </Filter>
    <Filter Include="ヘッダー ファイル">
      <UniqueIdentifier>{93995380-89BD-4b04-88EB-625FBE52EBFB}</UniqueIdentifier>
      <Extensions>h;hh;hpp;hxx;hm;inl;inc;ipp;xsd</Extensions>
    </Filter>
    <Filter Include="リソース ファイル">
      <UniqueIdentifier>{67DA6AB6-F800-4c08-8B7A-83BB121AAD01}</UniqueIdentifier>
      <Extensions>rc;ico;cur;bmp;dlg;rc2;rct;bin;rgs;gif;jpg;jpeg;jpe;resx;tiff;tif;png;wav;mfcribbon-ms</Extensions>
    </Filter>
    <Filter Include="ソース ファイル\effect">
      <UniqueIdentifier>{7cf77cf4-0de6-435c-911c-6535ad54c4bd}</UniqueIdentifier>
    </Filter>
    <Filter Include="ヘッダー ファイル\effect">
      <UniqueIdentifier>{97913d89-5af5-4a6d-8392-5ffb7fc2a96c}</UniqueIdentifier>
    </Filter>
    <Filter Include="ソース ファイル\UI">
      <UniqueIdentifier>{de4d1cc6-4c30-4e16-b47a-5646cc966d79}</UniqueIdentifier>
    </Filter>
    <Filter Include="ヘッダー ファイル\UI">
      <UniqueIdentifier>{fac1189f-390d-4097-aa65-0fe2da3fd613}</UniqueIdentifier>
    </Filter>
    <Filter Include="ヘッダー ファイル\main/system">
      <UniqueIdentifier>{f02d42e8-70fd-4efd-8574-da907ecac779}</UniqueIdentifier>
    </Filter>
    <Filter Include="ソース ファイル\main/system">
      <UniqueIdentifier>{d7e37426-1986-41ff-b754-6861650fa9d0}</UniqueIdentifier>
    </Filter>
    <Filter Include="ソース ファイル\frequency">
      <UniqueIdentifier>{51e05fef-b288-4bf2-96a6-bd5db0d5820a}</UniqueIdentifier>
    </Filter>
    <Filter Include="ヘッダー ファイル\frequency">
      <UniqueIdentifier>{151910a6-003d-4961-9bfd-01cfcd051d1d}</UniqueIdentifier>
    </Filter>
  </ItemGroup>
  <ItemGroup>
    <ClInclude Include="effectControl.h">
      <Filter>ヘッダー ファイル\effect</Filter>
    </ClInclude>
    <ClInclude Include="soundEffect.h">
      <Filter>ヘッダー ファイル\effect</Filter>
    </ClInclude>
    <ClInclude Include="playerControl.h">
      <Filter>ヘッダー ファイル\UI</Filter>
    </ClInclude>
    <ClInclude Include="playerButton.h">
      <Filter>ヘッダー ファイル\UI</Filter>
    </ClInclude>
    <ClInclude Include="basic.h">
      <Filter>ヘッダー ファイル\main/system</Filter>
    </ClInclude>
    <ClInclude Include="Collider.h">
      <Filter>ヘッダー ファイル\main/system</Filter>
    </ClInclude>
    <ClInclude Include="input.h">
      <Filter>ヘッダー ファイル\main/system</Filter>
    </ClInclude>
    <ClInclude Include="main.h">
      <Filter>ヘッダー ファイル\main/system</Filter>
    </ClInclude>
    <ClInclude Include="sound.h">
      <Filter>ヘッダー ファイル\main/system</Filter>
    </ClInclude>
    <ClInclude Include="frequencyControl.h">
      <Filter>ヘッダー ファイル\frequency</Filter>
    </ClInclude>
    <ClInclude Include="playerBackground.h">
      <Filter>ヘッダー ファイル\UI</Filter>
    </ClInclude>
  </ItemGroup>
  <ItemGroup>
    <ClCompile Include="soundEffect.cpp">
      <Filter>ソース ファイル\effect</Filter>
    </ClCompile>
    <ClCompile Include="effectControl.cpp">
      <Filter>ソース ファイル\effect</Filter>
    </ClCompile>
    <ClCompile Include="playerControl.cpp">
      <Filter>ソース ファイル\UI</Filter>
    </ClCompile>
    <ClCompile Include="playerButton.cpp">
      <Filter>ソース ファイル\UI</Filter>
    </ClCompile>
    <ClCompile Include="basic.cpp">
      <Filter>ソース ファイル\main/system</Filter>
    </ClCompile>
    <ClCompile Include="Collider.cpp">
      <Filter>ソース ファイル\main/system</Filter>
    </ClCompile>
    <ClCompile Include="input.cpp">
      <Filter>ソース ファイル\main/system</Filter>
    </ClCompile>
    <ClCompile Include="main.cpp">
      <Filter>ソース ファイル\main/system</Filter>
    </ClCompile>
    <ClCompile Include="sound.cpp">
      <Filter>ソース ファイル\main/system</Filter>
    </ClCompile>
    <ClCompile Include="frequencyControl.cpp">
      <Filter>ソース ファイル\frequency</Filter>
    </ClCompile>
    <ClCompile Include="playerBackground.cpp">
      <Filter>ソース ファイル\UI</Filter>
    </ClCompile>
  </ItemGroup>
</Project>